
Microsoft Visual Studio Solution File, Format Version 12.00
# Visual Studio Version 17
VisualStudioVersion = 17.9.34728.123
MinimumVisualStudioVersion = 10.0.40219.1
Project("{9A19103F-16F7-4668-BE54-9A1E7A4F7556}") = "BlazorServer.UI", "BlazorServer.UI\BlazorServer.UI.csproj", "{E8F23F8C-8633-4E56-A227-59D792C06A1A}"
EndProject
Project("{9A19103F-16F7-4668-BE54-9A1E7A4F7556}") = "Web.API", "Web.API\Web.API.csproj", "{DA2633E3-950A-49B5-88E2-FD1131806794}"
EndProject
Project("{2150E333-8FDC-42A3-9474-1A3956D46DE8}") = "api", "api", "{2C9F04EF-8B41-4CE1-8749-79CE91736F9B}"
EndProject
Project("{2150E333-8FDC-42A3-9474-1A3956D46DE8}") = "presentation", "presentation", "{BEAB3C39-ACE0-4576-BF1F-209BA00E2998}"
EndProject
Project("{2150E333-8FDC-42A3-9474-1A3956D46DE8}") = "infrastructure", "infrastructure", "{41ADF140-CD2A-45D0-B2A0-4D8278F462A2}"
EndProject
Project("{2150E333-8FDC-42A3-9474-1A3956D46DE8}") = "core", "core", "{FEF11F23-9095-401D-9356-E1C84CC4744F}"
EndProject
Project("{9A19103F-16F7-4668-BE54-9A1E7A4F7556}") = "Persistence", "Persistence\Persistence.csproj", "{94B112C6-1ACE-4740-ABA3-AA9C9E203126}"
EndProject
Project("{9A19103F-16F7-4668-BE54-9A1E7A4F7556}") = "Domain", "Domain\Domain.csproj", "{6348783A-3C36-4ED7-B18B-2C45E7025F48}"
EndProject
Project("{9A19103F-16F7-4668-BE54-9A1E7A4F7556}") = "Application", "Application\Application.csproj", "{6AE262A0-936F-4190-BA43-5D018C22192D}"
EndProject
Project("{9A19103F-16F7-4668-BE54-9A1E7A4F7556}") = "Models", "Models\Models.csproj", "{0DD448C2-BE36-4997-A5B4-374DCCDA9200}"
EndProject
Project("{2150E333-8FDC-42A3-9474-1A3956D46DE8}") = "common", "common", "{2208231E-B2A1-4990-A2FB-A624D8A31B79}"
EndProject
Project("{9A19103F-16F7-4668-BE54-9A1E7A4F7556}") = "Common", "Common\Common.csproj", "{5B956507-EF10-4D55-9E35-A166B03A6F4F}"
EndProject
Project("{54A90642-561A-4BB1-A94E-469ADEE60C69}") = "Angular.UI", "Angular.UI\Angular.UI.esproj", "{BF12B6C8-1492-4E14-9947-8AD861AE5B55}"
EndProject
Global
	GlobalSection(SolutionConfigurationPlatforms) = preSolution
		Debug|Any CPU = Debug|Any CPU
		Release|Any CPU = Release|Any CPU
	EndGlobalSection
	GlobalSection(ProjectConfigurationPlatforms) = postSolution
		{E8F23F8C-8633-4E56-A227-59D792C06A1A}.Debug|Any CPU.ActiveCfg = Debug|Any CPU
		{E8F23F8C-8633-4E56-A227-59D792C06A1A}.Debug|Any CPU.Build.0 = Debug|Any CPU
		{E8F23F8C-8633-4E56-A227-59D792C06A1A}.Release|Any CPU.ActiveCfg = Release|Any CPU
		{E8F23F8C-8633-4E56-A227-59D792C06A1A}.Release|Any CPU.Build.0 = Release|Any CPU
		{DA2633E3-950A-49B5-88E2-FD1131806794}.Debug|Any CPU.ActiveCfg = Debug|Any CPU
		{DA2633E3-950A-49B5-88E2-FD1131806794}.Debug|Any CPU.Build.0 = Debug|Any CPU
		{DA2633E3-950A-49B5-88E2-FD1131806794}.Release|Any CPU.ActiveCfg = Release|Any CPU
		{DA2633E3-950A-49B5-88E2-FD1131806794}.Release|Any CPU.Build.0 = Release|Any CPU
		{94B112C6-1ACE-4740-ABA3-AA9C9E203126}.Debug|Any CPU.ActiveCfg = Debug|Any CPU
		{94B112C6-1ACE-4740-ABA3-AA9C9E203126}.Debug|Any CPU.Build.0 = Debug|Any CPU
		{94B112C6-1ACE-4740-ABA3-AA9C9E203126}.Release|Any CPU.ActiveCfg = Release|Any CPU
		{94B112C6-1ACE-4740-ABA3-AA9C9E203126}.Release|Any CPU.Build.0 = Release|Any CPU
		{6348783A-3C36-4ED7-B18B-2C45E7025F48}.Debug|Any CPU.ActiveCfg = Debug|Any CPU
		{6348783A-3C36-4ED7-B18B-2C45E7025F48}.Debug|Any CPU.Build.0 = Debug|Any CPU
		{6348783A-3C36-4ED7-B18B-2C45E7025F48}.Release|Any CPU.ActiveCfg = Release|Any CPU
		{6348783A-3C36-4ED7-B18B-2C45E7025F48}.Release|Any CPU.Build.0 = Release|Any CPU
		{6AE262A0-936F-4190-BA43-5D018C22192D}.Debug|Any CPU.ActiveCfg = Debug|Any CPU
		{6AE262A0-936F-4190-BA43-5D018C22192D}.Debug|Any CPU.Build.0 = Debug|Any CPU
		{6AE262A0-936F-4190-BA43-5D018C22192D}.Release|Any CPU.ActiveCfg = Release|Any CPU
		{6AE262A0-936F-4190-BA43-5D018C22192D}.Release|Any CPU.Build.0 = Release|Any CPU
		{0DD448C2-BE36-4997-A5B4-374DCCDA9200}.Debug|Any CPU.ActiveCfg = Debug|Any CPU
		{0DD448C2-BE36-4997-A5B4-374DCCDA9200}.Debug|Any CPU.Build.0 = Debug|Any CPU
		{0DD448C2-BE36-4997-A5B4-374DCCDA9200}.Release|Any CPU.ActiveCfg = Release|Any CPU
		{0DD448C2-BE36-4997-A5B4-374DCCDA9200}.Release|Any CPU.Build.0 = Release|Any CPU
		{5B956507-EF10-4D55-9E35-A166B03A6F4F}.Debug|Any CPU.ActiveCfg = Debug|Any CPU
		{5B956507-EF10-4D55-9E35-A166B03A6F4F}.Debug|Any CPU.Build.0 = Debug|Any CPU
		{5B956507-EF10-4D55-9E35-A166B03A6F4F}.Release|Any CPU.ActiveCfg = Release|Any CPU
		{5B956507-EF10-4D55-9E35-A166B03A6F4F}.Release|Any CPU.Build.0 = Release|Any CPU
		{BF12B6C8-1492-4E14-9947-8AD861AE5B55}.Debug|Any CPU.ActiveCfg = Debug|Any CPU
		{BF12B6C8-1492-4E14-9947-8AD861AE5B55}.Debug|Any CPU.Build.0 = Debug|Any CPU
		{BF12B6C8-1492-4E14-9947-8AD861AE5B55}.Debug|Any CPU.Deploy.0 = Debug|Any CPU
		{BF12B6C8-1492-4E14-9947-8AD861AE5B55}.Release|Any CPU.ActiveCfg = Release|Any CPU
		{BF12B6C8-1492-4E14-9947-8AD861AE5B55}.Release|Any CPU.Build.0 = Release|Any CPU
		{BF12B6C8-1492-4E14-9947-8AD861AE5B55}.Release|Any CPU.Deploy.0 = Release|Any CPU
	EndGlobalSection
	GlobalSection(SolutionProperties) = preSolution
		HideSolutionNode = FALSE
	EndGlobalSection
	GlobalSection(NestedProjects) = preSolution
		{E8F23F8C-8633-4E56-A227-59D792C06A1A} = {BEAB3C39-ACE0-4576-BF1F-209BA00E2998}
		{DA2633E3-950A-49B5-88E2-FD1131806794} = {2C9F04EF-8B41-4CE1-8749-79CE91736F9B}
		{94B112C6-1ACE-4740-ABA3-AA9C9E203126} = {41ADF140-CD2A-45D0-B2A0-4D8278F462A2}
		{6348783A-3C36-4ED7-B18B-2C45E7025F48} = {FEF11F23-9095-401D-9356-E1C84CC4744F}
		{6AE262A0-936F-4190-BA43-5D018C22192D} = {FEF11F23-9095-401D-9356-E1C84CC4744F}
		{0DD448C2-BE36-4997-A5B4-374DCCDA9200} = {FEF11F23-9095-401D-9356-E1C84CC4744F}
		{5B956507-EF10-4D55-9E35-A166B03A6F4F} = {2208231E-B2A1-4990-A2FB-A624D8A31B79}
		{BF12B6C8-1492-4E14-9947-8AD861AE5B55} = {BEAB3C39-ACE0-4576-BF1F-209BA00E2998}
	EndGlobalSection
	GlobalSection(ExtensibilityGlobals) = postSolution
		SolutionGuid = {E42BB631-C022-4B4A-9902-EAB5690DDD03}
	EndGlobalSection
EndGlobal
